
Microsoft Visual Studio Solution File, Format Version 12.00
# Visual Studio Version 17
VisualStudioVersion = 17.11.35222.181
MinimumVisualStudioVersion = 10.0.40219.1
Project("{FAE04EC0-301F-11D3-BF4B-00C04F79EFBC}") = "Wiresharp.Microsoft.Extensions.DependencyInjection", "Wiresharp.Microsoft.Extensions.DependencyInjection\Wiresharp.Microsoft.Extensions.DependencyInjection.csproj", "{99C715F2-E430-426E-BEBC-351426FE547E}"
EndProject
Project("{2150E333-8FDC-42A3-9474-1A3956D46DE8}") = "Solution Items", "Solution Items", "{5F0CAE31-02EC-4258-AB26-A52DCB15B678}"
	ProjectSection(SolutionItems) = preProject
		.editorconfig = .editorconfig
		Directory.Packages.props = Directory.Packages.props
	EndProjectSection
EndProject
Project("{FAE04EC0-301F-11D3-BF4B-00C04F79EFBC}") = "Wiresharp.Microsoft.Extensions.DependencyInjection.Samples", "Wiresharp.Microsoft.Extensions.DependencyInjection.Samples\Wiresharp.Microsoft.Extensions.DependencyInjection.Samples.csproj", "{D1831A52-BF29-4203-8461-8B0BB63D5C42}"
EndProject
Global
	GlobalSection(SolutionConfigurationPlatforms) = preSolution
		Debug|Any CPU = Debug|Any CPU
		Release|Any CPU = Release|Any CPU
	EndGlobalSection
	GlobalSection(ProjectConfigurationPlatforms) = postSolution
		{99C715F2-E430-426E-BEBC-351426FE547E}.Debug|Any CPU.ActiveCfg = Debug|Any CPU
		{99C715F2-E430-426E-BEBC-351426FE547E}.Debug|Any CPU.Build.0 = Debug|Any CPU
		{99C715F2-E430-426E-BEBC-351426FE547E}.Release|Any CPU.ActiveCfg = Release|Any CPU
		{99C715F2-E430-426E-BEBC-351426FE547E}.Release|Any CPU.Build.0 = Release|Any CPU
		{D1831A52-BF29-4203-8461-8B0BB63D5C42}.Debug|Any CPU.ActiveCfg = Debug|Any CPU
		{D1831A52-BF29-4203-8461-8B0BB63D5C42}.Debug|Any CPU.Build.0 = Debug|Any CPU
		{D1831A52-BF29-4203-8461-8B0BB63D5C42}.Release|Any CPU.ActiveCfg = Release|Any CPU
		{D1831A52-BF29-4203-8461-8B0BB63D5C42}.Release|Any CPU.Build.0 = Release|Any CPU
	EndGlobalSection
	GlobalSection(SolutionProperties) = preSolution
		HideSolutionNode = FALSE
	EndGlobalSection
	GlobalSection(ExtensibilityGlobals) = postSolution
		SolutionGuid = {C5AE7F4A-EB1F-4ABA-BD31-567B7E8A4588}
	EndGlobalSection
EndGlobal
